
Microsoft Visual Studio Solution File, Format Version 12.00
# Visual Studio Version 17
VisualStudioVersion = 17.2.32616.157
MinimumVisualStudioVersion = 10.0.40219.1
Project("{FAE04EC0-301F-11D3-BF4B-00C04F79EFBC}") = "Bibloteca-Ricci", "Bibloteca-Ricci\Bibloteca-Ricci.csproj", "{71944203-AC03-4D2B-833E-FAEACE3758FC}"
EndProject
Global
	GlobalSection(SolutionConfigurationPlatforms) = preSolution
		Debug|Any CPU = Debug|Any CPU
		Release|Any CPU = Release|Any CPU
	EndGlobalSection
	GlobalSection(ProjectConfigurationPlatforms) = postSolution
		{71944203-AC03-4D2B-833E-FAEACE3758FC}.Debug|Any CPU.ActiveCfg = Debug|Any CPU
		{71944203-AC03-4D2B-833E-FAEACE3758FC}.Debug|Any CPU.Build.0 = Debug|Any CPU
		{71944203-AC03-4D2B-833E-FAEACE3758FC}.Release|Any CPU.ActiveCfg = Release|Any CPU
		{71944203-AC03-4D2B-833E-FAEACE3758FC}.Release|Any CPU.Build.0 = Release|Any CPU
	EndGlobalSection
	GlobalSection(SolutionProperties) = preSolution
		HideSolutionNode = FALSE
	EndGlobalSection
	GlobalSection(ExtensibilityGlobals) = postSolution
		SolutionGuid = {A34EC6EA-E750-44C7-B4A8-6C52EF5962B8}
	EndGlobalSection
EndGlobal
